{
  "requires": true,
  "lockfileVersion": 1,
  "dependencies": {
    "push.js": {
      "version": "1.0.9",
      "resolved": "https://registry.npmjs.org/push.js/-/push.js-1.0.9.tgz",
      "integrity": "sha512-VpOfRUWoiRVuKSjNWxJx+4d6bLCK8U+mId7kwQ8k4F66UVTC93oycI539A3Ve5ghx3CGpHxNyf/NVAwqeg4Clw=="
    }
  }
}
